// !$*UTF8*$!
{
	archiveVersion = 1;
	classes = {
	};
	objectVersion = 50;
	objects = {

/* Begin PBXBuildFile section */
		B25BAABB228D4DFE00A27E44 /* main.js in Resources */ = {isa = PBXBuildFile; fileRef = B25BAAB8228D4DFE00A27E44 /* main.js */; };
		B25BAABC228D4DFE00A27E44 /* index.html in Resources */ = {isa = PBXBuildFile; fileRef = B25BAAB9228D4DFE00A27E44 /* index.html */; };
		B25BAABD228D4DFE00A27E44 /* main.css in Resources */ = {isa = PBXBuildFile; fileRef = B25BAABA228D4DFE00A27E44 /* main.css */; };
		B25BAAC0228D4E5100A27E44 /* MarkDownViewController.swift in Sources */ = {isa = PBXBuildFile; fileRef = B25BAABF228D4E5100A27E44 /* MarkDownViewController.swift */; };
		B25BAAC3228D4F6B00A27E44 /* NavigationBar.swift in Sources */ = {isa = PBXBuildFile; fileRef = B25BAAC2228D4F6B00A27E44 /* NavigationBar.swift */; };
		B29CC81622867C5F00ED6106 /* AppDelegate.swift in Sources */ = {isa = PBXBuildFile; fileRef = B29CC81522867C5F00ED6106 /* AppDelegate.swift */; };
		B29CC81822867C5F00ED6106 /* ViewController.swift in Sources */ = {isa = PBXBuildFile; fileRef = B29CC81722867C5F00ED6106 /* ViewController.swift */; };
		B29CC81B22867C5F00ED6106 /* Main.storyboard in Resources */ = {isa = PBXBuildFile; fileRef = B29CC81922867C5F00ED6106 /* Main.storyboard */; };
		B29CC81D22867C6200ED6106 /* Assets.xcassets in Resources */ = {isa = PBXBuildFile; fileRef = B29CC81C22867C6200ED6106 /* Assets.xcassets */; };
		B29CC82022867C6200ED6106 /* LaunchScreen.storyboard in Resources */ = {isa = PBXBuildFile; fileRef = B29CC81E22867C6200ED6106 /* LaunchScreen.storyboard */; };
		B29CC82B2286BB9400ED6106 /* Entrance.swift in Sources */ = {isa = PBXBuildFile; fileRef = B29CC82A2286BB9400ED6106 /* Entrance.swift */; };
		B29CC82D2286C38E00ED6106 /* MarkdownView.swift in Sources */ = {isa = PBXBuildFile; fileRef = B29CC82C2286C38E00ED6106 /* MarkdownView.swift */; };
		B29CC8362286C41800ED6106 /* sample.md in Resources */ = {isa = PBXBuildFile; fileRef = B29CC8352286C41800ED6106 /* sample.md */; };
/* End PBXBuildFile section */

/* Begin PBXFileReference section */
		B25BAAB8228D4DFE00A27E44 /* main.js */ = {isa = PBXFileReference; fileEncoding = 4; lastKnownFileType = sourcecode.javascript; path = main.js; sourceTree = "<group>"; };
		B25BAAB9228D4DFE00A27E44 /* index.html */ = {isa = PBXFileReference; fileEncoding = 4; lastKnownFileType = text.html; path = index.html; sourceTree = "<group>"; };
		B25BAABA228D4DFE00A27E44 /* main.css */ = {isa = PBXFileReference; fileEncoding = 4; lastKnownFileType = text.css; path = main.css; sourceTree = "<group>"; };
		B25BAABF228D4E5100A27E44 /* MarkDownViewController.swift */ = {isa = PBXFileReference; lastKnownFileType = sourcecode.swift; path = MarkDownViewController.swift; sourceTree = "<group>"; };
		B25BAAC2228D4F6B00A27E44 /* NavigationBar.swift */ = {isa = PBXFileReference; lastKnownFileType = sourcecode.swift; path = NavigationBar.swift; sourceTree = "<group>"; };
		B29CC81222867C5F00ED6106 /* AppFrameworkCollection.app */ = {isa = PBXFileReference; explicitFileType = wrapper.application; includeInIndex = 0; path = AppFrameworkCollection.app; sourceTree = BUILT_PRODUCTS_DIR; };
		B29CC81522867C5F00ED6106 /* AppDelegate.swift */ = {isa = PBXFileReference; lastKnownFileType = sourcecode.swift; path = AppDelegate.swift; sourceTree = "<group>"; };
		B29CC81722867C5F00ED6106 /* ViewController.swift */ = {isa = PBXFileReference; lastKnownFileType = sourcecode.swift; path = ViewController.swift; sourceTree = "<group>"; };
		B29CC81A22867C5F00ED6106 /* Base */ = {isa = PBXFileReference; lastKnownFileType = file.storyboard; name = Base; path = Base.lproj/Main.storyboard; sourceTree = "<group>"; };
		B29CC81C22867C6200ED6106 /* Assets.xcassets */ = {isa = PBXFileReference; lastKnownFileType = folder.assetcatalog; path = Assets.xcassets; sourceTree = "<group>"; };
		B29CC81F22867C6200ED6106 /* Base */ = {isa = PBXFileReference; lastKnownFileType = file.storyboard; name = Base; path = Base.lproj/LaunchScreen.storyboard; sourceTree = "<group>"; };
		B29CC82122867C6200ED6106 /* Info.plist */ = {isa = PBXFileReference; lastKnownFileType = text.plist.xml; path = Info.plist; sourceTree = "<group>"; };
		B29CC82A2286BB9400ED6106 /* Entrance.swift */ = {isa = PBXFileReference; lastKnownFileType = sourcecode.swift; path = Entrance.swift; sourceTree = "<group>"; };
		B29CC82C2286C38E00ED6106 /* MarkdownView.swift */ = {isa = PBXFileReference; fileEncoding = 4; lastKnownFileType = sourcecode.swift; name = MarkdownView.swift; path = "../New Group/MarkdownView.swift"; sourceTree = "<group>"; };
		B29CC8352286C41800ED6106 /* sample.md */ = {isa = PBXFileReference; fileEncoding = 4; lastKnownFileType = net.daringfireball.markdown; path = sample.md; sourceTree = "<group>"; };
/* End PBXFileReference section */

/* Begin PBXFrameworksBuildPhase section */
		B29CC80F22867C5F00ED6106 /* Frameworks */ = {
			isa = PBXFrameworksBuildPhase;
			buildActionMask = 2147483647;
			files = (
			);
			runOnlyForDeploymentPostprocessing = 0;
		};
/* End PBXFrameworksBuildPhase section */

/* Begin PBXGroup section */
		B25BAAB6228D4D6D00A27E44 /* markDown */ = {
			isa = PBXGroup;
			children = (
				B25BAABE228D4E1700A27E44 /* view */,
				B25BAAB7228D4D9400A27E44 /* Resources */,
				B29CC82A2286BB9400ED6106 /* Entrance.swift */,
				B25BAABF228D4E5100A27E44 /* MarkDownViewController.swift */,
			);
			path = markDown;
			sourceTree = "<group>";
		};
		B25BAAB7228D4D9400A27E44 /* Resources */ = {
			isa = PBXGroup;
			children = (
				B29CC8352286C41800ED6106 /* sample.md */,
				B25BAAB9228D4DFE00A27E44 /* index.html */,
				B25BAABA228D4DFE00A27E44 /* main.css */,
				B25BAAB8228D4DFE00A27E44 /* main.js */,
			);
			path = Resources;
			sourceTree = "<group>";
		};
		B25BAABE228D4E1700A27E44 /* view */ = {
			isa = PBXGroup;
			children = (
				B29CC82C2286C38E00ED6106 /* MarkdownView.swift */,
			);
			path = view;
			sourceTree = "<group>";
		};
		B25BAAC1228D4ECF00A27E44 /* navigationBar */ = {
			isa = PBXGroup;
			children = (
				B25BAAC2228D4F6B00A27E44 /* NavigationBar.swift */,
			);
			path = navigationBar;
			sourceTree = "<group>";
		};
		B29CC80922867C5F00ED6106 = {
			isa = PBXGroup;
			children = (
				B29CC81422867C5F00ED6106 /* AppFrameworkCollection */,
				B29CC81322867C5F00ED6106 /* Products */,
			);
			sourceTree = "<group>";
		};
		B29CC81322867C5F00ED6106 /* Products */ = {
			isa = PBXGroup;
			children = (
				B29CC81222867C5F00ED6106 /* AppFrameworkCollection.app */,
			);
			name = Products;
			sourceTree = "<group>";
		};
		B29CC81422867C5F00ED6106 /* AppFrameworkCollection */ = {
			isa = PBXGroup;
			children = (
				B25BAAC1228D4ECF00A27E44 /* navigationBar */,
				B25BAAB6228D4D6D00A27E44 /* markDown */,
				B29CC81522867C5F00ED6106 /* AppDelegate.swift */,
				B29CC81722867C5F00ED6106 /* ViewController.swift */,
				B29CC81922867C5F00ED6106 /* Main.storyboard */,
				B29CC81C22867C6200ED6106 /* Assets.xcassets */,
				B29CC81E22867C6200ED6106 /* LaunchScreen.storyboard */,
				B29CC82122867C6200ED6106 /* Info.plist */,
				B29CC82E2286C3DE00ED6106 /* Resources */,
			);
			path = AppFrameworkCollection;
			sourceTree = "<group>";
		};
		B29CC82E2286C3DE00ED6106 /* Resources */ = {
			isa = PBXGroup;
			children = (
			);
			path = Resources;
			sourceTree = "<group>";
		};
/* End PBXGroup section */

/* Begin PBXNativeTarget section */
		B29CC81122867C5F00ED6106 /* AppFrameworkCollection */ = {
			isa = PBXNativeTarget;
			buildConfigurationList = B29CC82422867C6200ED6106 /* Build configuration list for PBXNativeTarget "AppFrameworkCollection" */;
			buildPhases = (
				B29CC80E22867C5F00ED6106 /* Sources */,
				B29CC80F22867C5F00ED6106 /* Frameworks */,
				B29CC81022867C5F00ED6106 /* Resources */,
			);
			buildRules = (
			);
			dependencies = (
			);
			name = AppFrameworkCollection;
			productName = AppFrameworkCollection;
			productReference = B29CC81222867C5F00ED6106 /* AppFrameworkCollection.app */;
			productType = "com.apple.product-type.application";
		};
/* End PBXNativeTarget section */

/* Begin PBXProject section */
		B29CC80A22867C5F00ED6106 /* Project object */ = {
			isa = PBXProject;
			attributes = {
				CLASSPREFIX = AFC;
				LastSwiftUpdateCheck = 1020;
				LastUpgradeCheck = 1020;
				ORGANIZATIONNAME = GuoTZ;
				TargetAttributes = {
					B29CC81122867C5F00ED6106 = {
						CreatedOnToolsVersion = 10.2.1;
					};
				};
			};
			buildConfigurationList = B29CC80D22867C5F00ED6106 /* Build configuration list for PBXProject "AppFrameworkCollection" */;
			compatibilityVersion = "Xcode 9.3";
			developmentRegion = en;
			hasScannedForEncodings = 0;
			knownRegions = (
				en,
				Base,
			);
			mainGroup = B29CC80922867C5F00ED6106;
			productRefGroup = B29CC81322867C5F00ED6106 /* Products */;
			projectDirPath = "";
			projectRoot = "";
			targets = (
				B29CC81122867C5F00ED6106 /* AppFrameworkCollection */,
			);
		};
/* End PBXProject section */

/* Begin PBXResourcesBuildPhase section */
		B29CC81022867C5F00ED6106 /* Resources */ = {
			isa = PBXResourcesBuildPhase;
			buildActionMask = 2147483647;
			files = (
				B29CC82022867C6200ED6106 /* LaunchScreen.storyboard in Resources */,
				B29CC81D22867C6200ED6106 /* Assets.xcassets in Resources */,
				B29CC8362286C41800ED6106 /* sample.md in Resources */,
				B25BAABD228D4DFE00A27E44 /* main.css in Resources */,
				B25BAABC228D4DFE00A27E44 /* index.html in Resources */,
				B29CC81B22867C5F00ED6106 /* Main.storyboard in Resources */,
				B25BAABB228D4DFE00A27E44 /* main.js in Resources */,
			);
			runOnlyForDeploymentPostprocessing = 0;
		};
/* End PBXResourcesBuildPhase section */

/* Begin PBXSourcesBuildPhase section */
		B29CC80E22867C5F00ED6106 /* Sources */ = {
			isa = PBXSourcesBuildPhase;
			buildActionMask = 2147483647;
			files = (
				B29CC82B2286BB9400ED6106 /* Entrance.swift in Sources */,
				B25BAAC0228D4E5100A27E44 /* MarkDownViewController.swift in Sources */,
				B29CC81822867C5F00ED6106 /* ViewController.swift in Sources */,
				B29CC81622867C5F00ED6106 /* AppDelegate.swift in Sources */,
				B29CC82D2286C38E00ED6106 /* MarkdownView.swift in Sources */,
				B25BAAC3228D4F6B00A27E44 /* NavigationBar.swift in Sources */,
			);
			runOnlyForDeploymentPostprocessing = 0;
		};
/* End PBXSourcesBuildPhase section */

/* Begin PBXVariantGroup section */
		B29CC81922867C5F00ED6106 /* Main.storyboard */ = {
			isa = PBXVariantGroup;
			children = (
				B29CC81A22867C5F00ED6106 /* Base */,
			);
			name = Main.storyboard;
			sourceTree = "<group>";
		};
		B29CC81E22867C6200ED6106 /* LaunchScreen.storyboard */ = {
			isa = PBXVariantGroup;
			children = (
				B29CC81F22867C6200ED6106 /* Base */,
			);
			name = LaunchScreen.storyboard;
			sourceTree = "<group>";
		};
/* End PBXVariantGroup section */

/* Begin XCBuildConfiguration section */
		B29CC82222867C6200ED6106 /* Debug */ = {
			isa = XCBuildConfiguration;
			buildSettings = {
				ALWAYS_SEARCH_USER_PATHS = NO;
				CLANG_ANALYZER_NONNULL = YES;
				CLANG_ANALYZER_NUMBER_OBJECT_CONVERSION = YES_AGGRESSIVE;
				CLANG_CXX_LANGUAGE_STANDARD = "gnu++14";
				CLANG_CXX_LIBRARY = "libc++";
				CLANG_ENABLE_MODULES = YES;
				CLANG_ENABLE_OBJC_ARC = YES;
				CLANG_ENABLE_OBJC_WEAK = YES;
				CLANG_WARN_BLOCK_CAPTURE_AUTORELEASING = YES;
				CLANG_WARN_BOOL_CONVERSION = YES;
				CLANG_WARN_COMMA = YES;
				CLANG_WARN_CONSTANT_CONVERSION = YES;
				CLANG_WARN_DEPRECATED_OBJC_IMPLEMENTATIONS = YES;
				CLANG_WARN_DIRECT_OBJC_ISA_USAGE = YES_ERROR;
				CLANG_WARN_DOCUMENTATION_COMMENTS = YES;
				CLANG_WARN_EMPTY_BODY = YES;
				CLANG_WARN_ENUM_CONVERSION = YES;
				CLANG_WARN_INFINITE_RECURSION = YES;
				CLANG_WARN_INT_CONVERSION = YES;
				CLANG_WARN_NON_LITERAL_NULL_CONVERSION = YES;
				CLANG_WARN_OBJC_IMPLICIT_RETAIN_SELF = YES;
				CLANG_WARN_OBJC_LITERAL_CONVERSION = YES;
				CLANG_WARN_OBJC_ROOT_CLASS = YES_ERROR;
				CLANG_WARN_RANGE_LOOP_ANALYSIS = YES;
				CLANG_WARN_STRICT_PROTOTYPES = YES;
				CLANG_WARN_SUSPICIOUS_MOVE = YES;
				CLANG_WARN_UNGUARDED_AVAILABILITY = YES_AGGRESSIVE;
				CLANG_WARN_UNREACHABLE_CODE = YES;
				CLANG_WARN__DUPLICATE_METHOD_MATCH = YES;
				CODE_SIGN_IDENTITY = "iPhone Developer";
				COPY_PHASE_STRIP = NO;
				DEBUG_INFORMATION_FORMAT = dwarf;
				ENABLE_STRICT_OBJC_MSGSEND = YES;
				ENABLE_TESTABILITY = YES;
				GCC_C_LANGUAGE_STANDARD = gnu11;
				GCC_DYNAMIC_NO_PIC = NO;
				GCC_NO_COMMON_BLOCKS = YES;
				GCC_OPTIMIZATION_LEVEL = 0;
				GCC_PREPROCESSOR_DEFINITIONS = (
					"DEBUG=1",
					"$(inherited)",
				);
				GCC_WARN_64_TO_32_BIT_CONVERSION = YES;
				GCC_WARN_ABOUT_RETURN_TYPE = YES_ERROR;
				GCC_WARN_UNDECLARED_SELECTOR = YES;
				GCC_WARN_UNINITIALIZED_AUTOS = YES_AGGRESSIVE;
				GCC_WARN_UNUSED_FUNCTION = YES;
				GCC_WARN_UNUSED_VARIABLE = YES;
				IPHONEOS_DEPLOYMENT_TARGET = 12.2;
				MTL_ENABLE_DEBUG_INFO = INCLUDE_SOURCE;
				MTL_FAST_MATH = YES;
				ONLY_ACTIVE_ARCH = YES;
				SDKROOT = iphoneos;
				SWIFT_ACTIVE_COMPILATION_CONDITIONS = DEBUG;
				SWIFT_OPTIMIZATION_LEVEL = "-Onone";
			};
			name = Debug;
		};
		B29CC82322867C6200ED6106 /* Release */ = {
			isa = XCBuildConfiguration;
			buildSettings = {
				ALWAYS_SEARCH_USER_PATHS = NO;
				CLANG_ANALYZER_NONNULL = YES;
				CLANG_ANALYZER_NUMBER_OBJECT_CONVERSION = YES_AGGRESSIVE;
				CLANG_CXX_LANGUAGE_STANDARD = "gnu++14";
				CLANG_CXX_LIBRARY = "libc++";
				CLANG_ENABLE_MODULES = YES;
				CLANG_ENABLE_OBJC_ARC = YES;
				CLANG_ENABLE_OBJC_WEAK = YES;
				CLANG_WARN_BLOCK_CAPTURE_AUTORELEASING = YES;
				CLANG_WARN_BOOL_CONVERSION = YES;
				CLANG_WARN_COMMA = YES;
				CLANG_WARN_CONSTANT_CONVERSION = YES;
				CLANG_WARN_DEPRECATED_OBJC_IMPLEMENTATIONS = YES;
				CLANG_WARN_DIRECT_OBJC_ISA_USAGE = YES_ERROR;
				CLANG_WARN_DOCUMENTATION_COMMENTS = YES;
				CLANG_WARN_EMPTY_BODY = YES;
				CLANG_WARN_ENUM_CONVERSION = YES;
				CLANG_WARN_INFINITE_RECURSION = YES;
				CLANG_WARN_INT_CONVERSION = YES;
				CLANG_WARN_NON_LITERAL_NULL_CONVERSION = YES;
				CLANG_WARN_OBJC_IMPLICIT_RETAIN_SELF = YES;
				CLANG_WARN_OBJC_LITERAL_CONVERSION = YES;
				CLANG_WARN_OBJC_ROOT_CLASS = YES_ERROR;
				CLANG_WARN_RANGE_LOOP_ANALYSIS = YES;
				CLANG_WARN_STRICT_PROTOTYPES = YES;
				CLANG_WARN_SUSPICIOUS_MOVE = YES;
				CLANG_WARN_UNGUARDED_AVAILABILITY = YES_AGGRESSIVE;
				CLANG_WARN_UNREACHABLE_CODE = YES;
				CLANG_WARN__DUPLICATE_METHOD_MATCH = YES;
				CODE_SIGN_IDENTITY = "iPhone Developer";
				COPY_PHASE_STRIP = NO;
				DEBUG_INFORMATION_FORMAT = "dwarf-with-dsym";
				ENABLE_NS_ASSERTIONS = NO;
				ENABLE_STRICT_OBJC_MSGSEND = YES;
				GCC_C_LANGUAGE_STANDARD = gnu11;
				GCC_NO_COMMON_BLOCKS = YES;
				GCC_WARN_64_TO_32_BIT_CONVERSION = YES;
				GCC_WARN_ABOUT_RETURN_TYPE = YES_ERROR;
				GCC_WARN_UNDECLARED_SELECTOR = YES;
				GCC_WARN_UNINITIALIZED_AUTOS = YES_AGGRESSIVE;
				GCC_WARN_UNUSED_FUNCTION = YES;
				GCC_WARN_UNUSED_VARIABLE = YES;
				IPHONEOS_DEPLOYMENT_TARGET = 12.2;
				MTL_ENABLE_DEBUG_INFO = NO;
				MTL_FAST_MATH = YES;
				SDKROOT = iphoneos;
				SWIFT_COMPILATION_MODE = wholemodule;
				SWIFT_OPTIMIZATION_LEVEL = "-O";
				VALIDATE_PRODUCT = YES;
			};
			name = Release;
		};
		B29CC82522867C6200ED6106 /* Debug */ = {
			isa = XCBuildConfiguration;
			buildSettings = {
				ASSETCATALOG_COMPILER_APPICON_NAME = AppIcon;
				CODE_SIGN_STYLE = Automatic;
				DEVELOPMENT_TEAM = 62CQCJ3S5X;
				INFOPLIST_FILE = AppFrameworkCollection/Info.plist;
				LD_RUNPATH_SEARCH_PATHS = (
					"$(inherited)",
					"@executable_path/Frameworks",
				);
				PRODUCT_BUNDLE_IDENTIFIER = com.gtz.AppFrameworkCollection;
				PRODUCT_NAME = "$(TARGET_NAME)";
				SWIFT_VERSION = 5.0;
				TARGETED_DEVICE_FAMILY = "1,2";
			};
			name = Debug;
		};
		B29CC82622867C6200ED6106 /* Release */ = {
			isa = XCBuildConfiguration;
			buildSettings = {
				ASSETCATALOG_COMPILER_APPICON_NAME = AppIcon;
				CODE_SIGN_STYLE = Automatic;
				DEVELOPMENT_TEAM = 62CQCJ3S5X;
				INFOPLIST_FILE = AppFrameworkCollection/Info.plist;
				LD_RUNPATH_SEARCH_PATHS = (
					"$(inherited)",
					"@executable_path/Frameworks",
				);
				PRODUCT_BUNDLE_IDENTIFIER = com.gtz.AppFrameworkCollection;
				PRODUCT_NAME = "$(TARGET_NAME)";
				SWIFT_VERSION = 5.0;
				TARGETED_DEVICE_FAMILY = "1,2";
			};
			name = Release;
		};
/* End XCBuildConfiguration section */

/* Begin XCConfigurationList section */
		B29CC80D22867C5F00ED6106 /* Build configuration list for PBXProject "AppFrameworkCollection" */ = {
			isa = XCConfigurationList;
			buildConfigurations = (
				B29CC82222867C6200ED6106 /* Debug */,
				B29CC82322867C6200ED6106 /* Release */,
			);
			defaultConfigurationIsVisible = 0;
			defaultConfigurationName = Release;
		};
		B29CC82422867C6200ED6106 /* Build configuration list for PBXNativeTarget "AppFrameworkCollection" */ = {
			isa = XCConfigurationList;
			buildConfigurations = (
				B29CC82522867C6200ED6106 /* Debug */,
				B29CC82622867C6200ED6106 /* Release */,
			);
			defaultConfigurationIsVisible = 0;
			defaultConfigurationName = Release;
		};
/* End XCConfigurationList section */
	};
	rootObject = B29CC80A22867C5F00ED6106 /* Project object */;
}
